// !$*UTF8*$!
{
	archiveVersion = 1;
	classes = {
	};
	objectVersion = 50;
	objects = {

/* Begin PBXBuildFile section */
		DE175CD523F71494003854EB /* WebViewViewModel.swift in Sources */ = {isa = PBXBuildFile; fileRef = DE175CD423F71494003854EB /* WebViewViewModel.swift */; };
		DE23D54E23E8AF890097A498 /* XcodeUpdateRow.swift in Sources */ = {isa = PBXBuildFile; fileRef = DE23D54D23E8AF890097A498 /* XcodeUpdateRow.swift */; };
		DE23D55223E9B9C90097A498 /* IDEView.swift in Sources */ = {isa = PBXBuildFile; fileRef = DE23D55123E9B9C90097A498 /* IDEView.swift */; };
		DE3ABB1123E9CE5900628174 /* IDEViewModel.swift in Sources */ = {isa = PBXBuildFile; fileRef = DE3ABB1023E9CE5900628174 /* IDEViewModel.swift */; };
		DE7F62AA2383796A00008DFF /* Parsing.swift in Sources */ = {isa = PBXBuildFile; fileRef = DE7F62A92383796A00008DFF /* Parsing.swift */; };
		DE7F62AD23837B5900008DFF /* XcodeUpdatesError.swift in Sources */ = {isa = PBXBuildFile; fileRef = DE7F62AC23837B5900008DFF /* XcodeUpdatesError.swift */; };
		DE7F62B223837C2300008DFF /* XcodeUpdatesFetcher.swift in Sources */ = {isa = PBXBuildFile; fileRef = DE7F62B123837C2300008DFF /* XcodeUpdatesFetcher.swift */; };
		DE7F62B52384632F00008DFF /* IDE.swift in Sources */ = {isa = PBXBuildFile; fileRef = DE7F62B42384632F00008DFF /* IDE.swift */; };
		DE7F62B8238463B300008DFF /* Compilers.swift in Sources */ = {isa = PBXBuildFile; fileRef = DE7F62B7238463B300008DFF /* Compilers.swift */; };
		DE7F62BC2384644500008DFF /* Version.swift in Sources */ = {isa = PBXBuildFile; fileRef = DE7F62BB2384644500008DFF /* Version.swift */; };
		DE7F62BF2384648000008DFF /* Release.swift in Sources */ = {isa = PBXBuildFile; fileRef = DE7F62BE2384648000008DFF /* Release.swift */; };
		DE7F62C52384654300008DFF /* Date.swift in Sources */ = {isa = PBXBuildFile; fileRef = DE7F62C42384654300008DFF /* Date.swift */; };
		DE7F62C8238465AB00008DFF /* Links.swift in Sources */ = {isa = PBXBuildFile; fileRef = DE7F62C7238465AB00008DFF /* Links.swift */; };
		DE7F62CB238465E300008DFF /* Link.swift in Sources */ = {isa = PBXBuildFile; fileRef = DE7F62CA238465E300008DFF /* Link.swift */; };
		DE7F62CE238466AB00008DFF /* SDKs.swift in Sources */ = {isa = PBXBuildFile; fileRef = DE7F62CD238466AB00008DFF /* SDKs.swift */; };
		DE8F576C237EFF0200C11D98 /* SceneDelegate.swift in Sources */ = {isa = PBXBuildFile; fileRef = DE8F576B237EFF0200C11D98 /* SceneDelegate.swift */; };
		DE8F5770237EFF0500C11D98 /* Assets.xcassets in Resources */ = {isa = PBXBuildFile; fileRef = DE8F576F237EFF0500C11D98 /* Assets.xcassets */; };
		DE8F5773237EFF0500C11D98 /* Preview Assets.xcassets in Resources */ = {isa = PBXBuildFile; fileRef = DE8F5772237EFF0500C11D98 /* Preview Assets.xcassets */; };
		DE8F5776237EFF0500C11D98 /* LaunchScreen.storyboard in Resources */ = {isa = PBXBuildFile; fileRef = DE8F5774237EFF0500C11D98 /* LaunchScreen.storyboard */; };
		DE8F577E237F0D5300C11D98 /* AppDelegate.swift in Sources */ = {isa = PBXBuildFile; fileRef = DE8F577D237F0D5300C11D98 /* AppDelegate.swift */; };
		DE8F5785237F278000C11D98 /* MainContentView.swift in Sources */ = {isa = PBXBuildFile; fileRef = DE8F5784237F278000C11D98 /* MainContentView.swift */; };
		DEAA7A8C23887664009B5124 /* XcodeUpdatesViewModel.swift in Sources */ = {isa = PBXBuildFile; fileRef = DEAA7A8B23887664009B5124 /* XcodeUpdatesViewModel.swift */; };
/* End PBXBuildFile section */

/* Begin PBXFileReference section */
		DE175CC323F46B64003854EB /* XcodeUpdates.entitlements */ = {isa = PBXFileReference; lastKnownFileType = text.plist.entitlements; path = XcodeUpdates.entitlements; sourceTree = "<group>"; };
		DE175CD423F71494003854EB /* WebViewViewModel.swift */ = {isa = PBXFileReference; lastKnownFileType = sourcecode.swift; path = WebViewViewModel.swift; sourceTree = "<group>"; };
		DE23D54D23E8AF890097A498 /* XcodeUpdateRow.swift */ = {isa = PBXFileReference; lastKnownFileType = sourcecode.swift; path = XcodeUpdateRow.swift; sourceTree = "<group>"; };
		DE23D55123E9B9C90097A498 /* IDEView.swift */ = {isa = PBXFileReference; lastKnownFileType = sourcecode.swift; path = IDEView.swift; sourceTree = "<group>"; };
		DE3ABB1023E9CE5900628174 /* IDEViewModel.swift */ = {isa = PBXFileReference; lastKnownFileType = sourcecode.swift; path = IDEViewModel.swift; sourceTree = "<group>"; };
		DE7F62A92383796A00008DFF /* Parsing.swift */ = {isa = PBXFileReference; lastKnownFileType = sourcecode.swift; path = Parsing.swift; sourceTree = "<group>"; };
		DE7F62AC23837B5900008DFF /* XcodeUpdatesError.swift */ = {isa = PBXFileReference; lastKnownFileType = sourcecode.swift; path = XcodeUpdatesError.swift; sourceTree = "<group>"; };
		DE7F62B123837C2300008DFF /* XcodeUpdatesFetcher.swift */ = {isa = PBXFileReference; lastKnownFileType = sourcecode.swift; path = XcodeUpdatesFetcher.swift; sourceTree = "<group>"; };
		DE7F62B42384632F00008DFF /* IDE.swift */ = {isa = PBXFileReference; lastKnownFileType = sourcecode.swift; path = IDE.swift; sourceTree = "<group>"; };
		DE7F62B7238463B300008DFF /* Compilers.swift */ = {isa = PBXFileReference; lastKnownFileType = sourcecode.swift; path = Compilers.swift; sourceTree = "<group>"; };
		DE7F62BB2384644500008DFF /* Version.swift */ = {isa = PBXFileReference; lastKnownFileType = sourcecode.swift; path = Version.swift; sourceTree = "<group>"; };
		DE7F62BE2384648000008DFF /* Release.swift */ = {isa = PBXFileReference; lastKnownFileType = sourcecode.swift; path = Release.swift; sourceTree = "<group>"; };
		DE7F62C42384654300008DFF /* Date.swift */ = {isa = PBXFileReference; lastKnownFileType = sourcecode.swift; path = Date.swift; sourceTree = "<group>"; };
		DE7F62C7238465AB00008DFF /* Links.swift */ = {isa = PBXFileReference; lastKnownFileType = sourcecode.swift; path = Links.swift; sourceTree = "<group>"; };
		DE7F62CA238465E300008DFF /* Link.swift */ = {isa = PBXFileReference; lastKnownFileType = sourcecode.swift; path = Link.swift; sourceTree = "<group>"; };
		DE7F62CD238466AB00008DFF /* SDKs.swift */ = {isa = PBXFileReference; lastKnownFileType = sourcecode.swift; path = SDKs.swift; sourceTree = "<group>"; };
		DE8F5766237EFF0200C11D98 /* XcodeUpdates.app */ = {isa = PBXFileReference; explicitFileType = wrapper.application; includeInIndex = 0; path = XcodeUpdates.app; sourceTree = BUILT_PRODUCTS_DIR; };
		DE8F576B237EFF0200C11D98 /* SceneDelegate.swift */ = {isa = PBXFileReference; lastKnownFileType = sourcecode.swift; path = SceneDelegate.swift; sourceTree = "<group>"; };
		DE8F576F237EFF0500C11D98 /* Assets.xcassets */ = {isa = PBXFileReference; lastKnownFileType = folder.assetcatalog; path = Assets.xcassets; sourceTree = "<group>"; };
		DE8F5772237EFF0500C11D98 /* Preview Assets.xcassets */ = {isa = PBXFileReference; lastKnownFileType = folder.assetcatalog; path = "Preview Assets.xcassets"; sourceTree = "<group>"; };
		DE8F5775237EFF0500C11D98 /* Base */ = {isa = PBXFileReference; lastKnownFileType = file.storyboard; name = Base; path = Base.lproj/LaunchScreen.storyboard; sourceTree = "<group>"; };
		DE8F5777237EFF0500C11D98 /* Info.plist */ = {isa = PBXFileReference; lastKnownFileType = text.plist.xml; path = Info.plist; sourceTree = "<group>"; };
		DE8F577D237F0D5300C11D98 /* AppDelegate.swift */ = {isa = PBXFileReference; fileEncoding = 4; lastKnownFileType = sourcecode.swift; path = AppDelegate.swift; sourceTree = "<group>"; };
		DE8F5784237F278000C11D98 /* MainContentView.swift */ = {isa = PBXFileReference; lastKnownFileType = sourcecode.swift; path = MainContentView.swift; sourceTree = "<group>"; };
		DEAA7A8B23887664009B5124 /* XcodeUpdatesViewModel.swift */ = {isa = PBXFileReference; lastKnownFileType = sourcecode.swift; path = XcodeUpdatesViewModel.swift; sourceTree = "<group>"; };
/* End PBXFileReference section */

/* Begin PBXFrameworksBuildPhase section */
		DE8F5763237EFF0200C11D98 /* Frameworks */ = {
			isa = PBXFrameworksBuildPhase;
			buildActionMask = 2147483647;
			files = (
			);
			runOnlyForDeploymentPostprocessing = 0;
		};
/* End PBXFrameworksBuildPhase section */

/* Begin PBXGroup section */
		DE175CD323F71482003854EB /* WebViewViewModel */ = {
			isa = PBXGroup;
			children = (
				DE175CD423F71494003854EB /* WebViewViewModel.swift */,
			);
			path = WebViewViewModel;
			sourceTree = "<group>";
		};
		DE23D54F23E9B7D70097A498 /* IDEList */ = {
			isa = PBXGroup;
			children = (
				DE8F5783237F250B00C11D98 /* Content View */,
				DE8F5782237F250300C11D98 /* List View */,
			);
			path = IDEList;
			sourceTree = "<group>";
		};
		DE23D55023E9B7E30097A498 /* IDEView */ = {
			isa = PBXGroup;
			children = (
				DE23D55123E9B9C90097A498 /* IDEView.swift */,
			);
			path = IDEView;
			sourceTree = "<group>";
		};
		DE3ABB0F23E9CDBD00628174 /* IDEViewModel */ = {
			isa = PBXGroup;
			children = (
				DE3ABB1023E9CE5900628174 /* IDEViewModel.swift */,
			);
			path = IDEViewModel;
			sourceTree = "<group>";
		};
		DE7F62AB23837B3200008DFF /* Utilities */ = {
			isa = PBXGroup;
			children = (
				DE7F62A92383796A00008DFF /* Parsing.swift */,
			);
			path = Utilities;
			sourceTree = "<group>";
		};
		DE7F62AE23837BFB00008DFF /* API */ = {
			isa = PBXGroup;
			children = (
				DE7F62B123837C2300008DFF /* XcodeUpdatesFetcher.swift */,
				DE7F62AC23837B5900008DFF /* XcodeUpdatesError.swift */,
			);
			path = API;
			sourceTree = "<group>";
		};
		DE7F62B32384632100008DFF /* Model */ = {
			isa = PBXGroup;
			children = (
				DE7F62CC2384669A00008DFF /* SDKs */,
				DE7F62C62384659F00008DFF /* Links */,
				DE7F62C32384653D00008DFF /* Date */,
				DE7F62B6238463A600008DFF /* Compilers */,
				DE7F62B9238463F500008DFF /* IDE */,
			);
			path = Model;
			sourceTree = "<group>";
		};
		DE7F62B6238463A600008DFF /* Compilers */ = {
			isa = PBXGroup;
			children = (
				DE7F62BA2384642000008DFF /* Type */,
				DE7F62B7238463B300008DFF /* Compilers.swift */,
			);
			path = Compilers;
			sourceTree = "<group>";
		};
		DE7F62B9238463F500008DFF /* IDE */ = {
			isa = PBXGroup;
			children = (
				DE7F62B42384632F00008DFF /* IDE.swift */,
			);
			path = IDE;
			sourceTree = "<group>";
		};
		DE7F62BA2384642000008DFF /* Type */ = {
			isa = PBXGroup;
			children = (
				DE7F62BD2384647900008DFF /* Release */,
				DE7F62BB2384644500008DFF /* Version.swift */,
			);
			path = Type;
			sourceTree = "<group>";
		};
		DE7F62BD2384647900008DFF /* Release */ = {
			isa = PBXGroup;
			children = (
				DE7F62BE2384648000008DFF /* Release.swift */,
			);
			path = Release;
			sourceTree = "<group>";
		};
		DE7F62C32384653D00008DFF /* Date */ = {
			isa = PBXGroup;
			children = (
				DE7F62C42384654300008DFF /* Date.swift */,
			);
			path = Date;
			sourceTree = "<group>";
		};
		DE7F62C62384659F00008DFF /* Links */ = {
			isa = PBXGroup;
			children = (
				DE7F62C9238465DD00008DFF /* Link */,
				DE7F62C7238465AB00008DFF /* Links.swift */,
			);
			path = Links;
			sourceTree = "<group>";
		};
		DE7F62C9238465DD00008DFF /* Link */ = {
			isa = PBXGroup;
			children = (
				DE7F62CA238465E300008DFF /* Link.swift */,
			);
			path = Link;
			sourceTree = "<group>";
		};
		DE7F62CC2384669A00008DFF /* SDKs */ = {
			isa = PBXGroup;
			children = (
				DE7F62CD238466AB00008DFF /* SDKs.swift */,
			);
			path = SDKs;
			sourceTree = "<group>";
		};
		DE8F575D237EFF0200C11D98 = {
			isa = PBXGroup;
			children = (
				DE8F5768237EFF0200C11D98 /* XcodeUpdates */,
				DE8F5767237EFF0200C11D98 /* Products */,
			);
			sourceTree = "<group>";
		};
		DE8F5767237EFF0200C11D98 /* Products */ = {
			isa = PBXGroup;
			children = (
				DE8F5766237EFF0200C11D98 /* XcodeUpdates.app */,
			);
			name = Products;
			sourceTree = "<group>";
		};
		DE8F5768237EFF0200C11D98 /* XcodeUpdates */ = {
			isa = PBXGroup;
			children = (
				DE175CC323F46B64003854EB /* XcodeUpdates.entitlements */,
				DEAA7A892388760A009B5124 /* ViewModel */,
				DE7F62B32384632100008DFF /* Model */,
				DE8F577F237F193300C11D98 /* View */,
				DE7F62AE23837BFB00008DFF /* API */,
				DE8F577D237F0D5300C11D98 /* AppDelegate.swift */,
				DE8F576B237EFF0200C11D98 /* SceneDelegate.swift */,
				DE8F576F237EFF0500C11D98 /* Assets.xcassets */,
				DE8F5774237EFF0500C11D98 /* LaunchScreen.storyboard */,
				DE8F5777237EFF0500C11D98 /* Info.plist */,
				DE8F5771237EFF0500C11D98 /* Preview Content */,
				DE7F62AB23837B3200008DFF /* Utilities */,
			);
			path = XcodeUpdates;
			sourceTree = "<group>";
		};
		DE8F5771237EFF0500C11D98 /* Preview Content */ = {
			isa = PBXGroup;
			children = (
				DE8F5772237EFF0500C11D98 /* Preview Assets.xcassets */,
			);
			path = "Preview Content";
			sourceTree = "<group>";
		};
		DE8F577F237F193300C11D98 /* View */ = {
			isa = PBXGroup;
			children = (
				DE23D55023E9B7E30097A498 /* IDEView */,
				DE23D54F23E9B7D70097A498 /* IDEList */,
			);
			path = View;
			sourceTree = "<group>";
		};
		DE8F5782237F250300C11D98 /* List View */ = {
			isa = PBXGroup;
			children = (
				DE23D54D23E8AF890097A498 /* XcodeUpdateRow.swift */,
			);
			path = "List View";
			sourceTree = "<group>";
		};
		DE8F5783237F250B00C11D98 /* Content View */ = {
			isa = PBXGroup;
			children = (
				DE8F5784237F278000C11D98 /* MainContentView.swift */,
			);
			path = "Content View";
			sourceTree = "<group>";
		};
		DEAA7A892388760A009B5124 /* ViewModel */ = {
			isa = PBXGroup;
			children = (
				DE175CD323F71482003854EB /* WebViewViewModel */,
				DE3ABB0F23E9CDBD00628174 /* IDEViewModel */,
				DEAA7A8A23887620009B5124 /* XcodeUpdatesViewModel */,
			);
			path = ViewModel;
			sourceTree = "<group>";
		};
		DEAA7A8A23887620009B5124 /* XcodeUpdatesViewModel */ = {
			isa = PBXGroup;
			children = (
				DEAA7A8B23887664009B5124 /* XcodeUpdatesViewModel.swift */,
			);
			path = XcodeUpdatesViewModel;
			sourceTree = "<group>";
		};
/* End PBXGroup section */

/* Begin PBXNativeTarget section */
		DE8F5765237EFF0200C11D98 /* XcodeUpdates */ = {
			isa = PBXNativeTarget;
			buildConfigurationList = DE8F577A237EFF0500C11D98 /* Build configuration list for PBXNativeTarget "XcodeUpdates" */;
			buildPhases = (
				DE8F5762237EFF0200C11D98 /* Sources */,
				DE8F5763237EFF0200C11D98 /* Frameworks */,
				DE8F5764237EFF0200C11D98 /* Resources */,
			);
			buildRules = (
			);
			dependencies = (
			);
			name = XcodeUpdates;
			productName = XcodeUpdates;
			productReference = DE8F5766237EFF0200C11D98 /* XcodeUpdates.app */;
			productType = "com.apple.product-type.application";
		};
/* End PBXNativeTarget section */

/* Begin PBXProject section */
		DE8F575E237EFF0200C11D98 /* Project object */ = {
			isa = PBXProject;
			attributes = {
				LastSwiftUpdateCheck = 1120;
				LastUpgradeCheck = 1120;
				ORGANIZATIONNAME = "Fabrício Masiero";
				TargetAttributes = {
					DE8F5765237EFF0200C11D98 = {
						CreatedOnToolsVersion = 11.2.1;
					};
				};
			};
			buildConfigurationList = DE8F5761237EFF0200C11D98 /* Build configuration list for PBXProject "XcodeUpdates" */;
			compatibilityVersion = "Xcode 9.3";
			developmentRegion = en;
			hasScannedForEncodings = 0;
			knownRegions = (
				en,
				Base,
			);
			mainGroup = DE8F575D237EFF0200C11D98;
			productRefGroup = DE8F5767237EFF0200C11D98 /* Products */;
			projectDirPath = "";
			projectRoot = "";
			targets = (
				DE8F5765237EFF0200C11D98 /* XcodeUpdates */,
			);
		};
/* End PBXProject section */

/* Begin PBXResourcesBuildPhase section */
		DE8F5764237EFF0200C11D98 /* Resources */ = {
			isa = PBXResourcesBuildPhase;
			buildActionMask = 2147483647;
			files = (
				DE8F5776237EFF0500C11D98 /* LaunchScreen.storyboard in Resources */,
				DE8F5773237EFF0500C11D98 /* Preview Assets.xcassets in Resources */,
				DE8F5770237EFF0500C11D98 /* Assets.xcassets in Resources */,
			);
			runOnlyForDeploymentPostprocessing = 0;
		};
/* End PBXResourcesBuildPhase section */

/* Begin PBXSourcesBuildPhase section */
		DE8F5762237EFF0200C11D98 /* Sources */ = {
			isa = PBXSourcesBuildPhase;
			buildActionMask = 2147483647;
			files = (
				DE8F577E237F0D5300C11D98 /* AppDelegate.swift in Sources */,
				DE175CD523F71494003854EB /* WebViewViewModel.swift in Sources */,
				DE7F62BF2384648000008DFF /* Release.swift in Sources */,
				DE7F62AA2383796A00008DFF /* Parsing.swift in Sources */,
				DE7F62B52384632F00008DFF /* IDE.swift in Sources */,
				DE7F62B8238463B300008DFF /* Compilers.swift in Sources */,
				DE7F62AD23837B5900008DFF /* XcodeUpdatesError.swift in Sources */,
				DE8F576C237EFF0200C11D98 /* SceneDelegate.swift in Sources */,
				DE23D55223E9B9C90097A498 /* IDEView.swift in Sources */,
				DE8F5785237F278000C11D98 /* MainContentView.swift in Sources */,
				DE3ABB1123E9CE5900628174 /* IDEViewModel.swift in Sources */,
				DE7F62CB238465E300008DFF /* Link.swift in Sources */,
				DE7F62CE238466AB00008DFF /* SDKs.swift in Sources */,
				DE7F62BC2384644500008DFF /* Version.swift in Sources */,
				DE7F62B223837C2300008DFF /* XcodeUpdatesFetcher.swift in Sources */,
				DE7F62C8238465AB00008DFF /* Links.swift in Sources */,
				DE7F62C52384654300008DFF /* Date.swift in Sources */,
				DE23D54E23E8AF890097A498 /* XcodeUpdateRow.swift in Sources */,
				DEAA7A8C23887664009B5124 /* XcodeUpdatesViewModel.swift in Sources */,
			);
			runOnlyForDeploymentPostprocessing = 0;
		};
/* End PBXSourcesBuildPhase section */

/* Begin PBXVariantGroup section */
		DE8F5774237EFF0500C11D98 /* LaunchScreen.storyboard */ = {
			isa = PBXVariantGroup;
			children = (
				DE8F5775237EFF0500C11D98 /* Base */,
			);
			name = LaunchScreen.storyboard;
			sourceTree = "<group>";
		};
/* End PBXVariantGroup section */

/* Begin XCBuildConfiguration section */
		DE8F5778237EFF0500C11D98 /* Debug */ = {
			isa = XCBuildConfiguration;
			buildSettings = {
				ALWAYS_SEARCH_USER_PATHS = NO;
				CLANG_ANALYZER_NONNULL = YES;
				CLANG_ANALYZER_NUMBER_OBJECT_CONVERSION = YES_AGGRESSIVE;
				CLANG_CXX_LANGUAGE_STANDARD = "gnu++14";
				CLANG_CXX_LIBRARY = "libc++";
				CLANG_ENABLE_MODULES = YES;
				CLANG_ENABLE_OBJC_ARC = YES;
				CLANG_ENABLE_OBJC_WEAK = YES;
				CLANG_WARN_BLOCK_CAPTURE_AUTORELEASING = YES;
				CLANG_WARN_BOOL_CONVERSION = YES;
				CLANG_WARN_COMMA = YES;
				CLANG_WARN_CONSTANT_CONVERSION = YES;
				CLANG_WARN_DEPRECATED_OBJC_IMPLEMENTATIONS = YES;
				CLANG_WARN_DIRECT_OBJC_ISA_USAGE = YES_ERROR;
				CLANG_WARN_DOCUMENTATION_COMMENTS = YES;
				CLANG_WARN_EMPTY_BODY = YES;
				CLANG_WARN_ENUM_CONVERSION = YES;
				CLANG_WARN_INFINITE_RECURSION = YES;
				CLANG_WARN_INT_CONVERSION = YES;
				CLANG_WARN_NON_LITERAL_NULL_CONVERSION = YES;
				CLANG_WARN_OBJC_IMPLICIT_RETAIN_SELF = YES;
				CLANG_WARN_OBJC_LITERAL_CONVERSION = YES;
				CLANG_WARN_OBJC_ROOT_CLASS = YES_ERROR;
				CLANG_WARN_RANGE_LOOP_ANALYSIS = YES;
				CLANG_WARN_STRICT_PROTOTYPES = YES;
				CLANG_WARN_SUSPICIOUS_MOVE = YES;
				CLANG_WARN_UNGUARDED_AVAILABILITY = YES_AGGRESSIVE;
				CLANG_WARN_UNREACHABLE_CODE = YES;
				CLANG_WARN__DUPLICATE_METHOD_MATCH = YES;
				COPY_PHASE_STRIP = NO;
				DEBUG_INFORMATION_FORMAT = dwarf;
				ENABLE_STRICT_OBJC_MSGSEND = YES;
				ENABLE_TESTABILITY = YES;
				GCC_C_LANGUAGE_STANDARD = gnu11;
				GCC_DYNAMIC_NO_PIC = NO;
				GCC_NO_COMMON_BLOCKS = YES;
				GCC_OPTIMIZATION_LEVEL = 0;
				GCC_PREPROCESSOR_DEFINITIONS = (
					"DEBUG=1",
					"$(inherited)",
				);
				GCC_WARN_64_TO_32_BIT_CONVERSION = YES;
				GCC_WARN_ABOUT_RETURN_TYPE = YES_ERROR;
				GCC_WARN_UNDECLARED_SELECTOR = YES;
				GCC_WARN_UNINITIALIZED_AUTOS = YES_AGGRESSIVE;
				GCC_WARN_UNUSED_FUNCTION = YES;
				GCC_WARN_UNUSED_VARIABLE = YES;
				IPHONEOS_DEPLOYMENT_TARGET = 13.2;
				MTL_ENABLE_DEBUG_INFO = INCLUDE_SOURCE;
				MTL_FAST_MATH = YES;
				ONLY_ACTIVE_ARCH = YES;
				SDKROOT = iphoneos;
				SWIFT_ACTIVE_COMPILATION_CONDITIONS = DEBUG;
				SWIFT_OPTIMIZATION_LEVEL = "-Onone";
			};
			name = Debug;
		};
		DE8F5779237EFF0500C11D98 /* Release */ = {
			isa = XCBuildConfiguration;
			buildSettings = {
				ALWAYS_SEARCH_USER_PATHS = NO;
				CLANG_ANALYZER_NONNULL = YES;
				CLANG_ANALYZER_NUMBER_OBJECT_CONVERSION = YES_AGGRESSIVE;
				CLANG_CXX_LANGUAGE_STANDARD = "gnu++14";
				CLANG_CXX_LIBRARY = "libc++";
				CLANG_ENABLE_MODULES = YES;
				CLANG_ENABLE_OBJC_ARC = YES;
				CLANG_ENABLE_OBJC_WEAK = YES;
				CLANG_WARN_BLOCK_CAPTURE_AUTORELEASING = YES;
				CLANG_WARN_BOOL_CONVERSION = YES;
				CLANG_WARN_COMMA = YES;
				CLANG_WARN_CONSTANT_CONVERSION = YES;
				CLANG_WARN_DEPRECATED_OBJC_IMPLEMENTATIONS = YES;
				CLANG_WARN_DIRECT_OBJC_ISA_USAGE = YES_ERROR;
				CLANG_WARN_DOCUMENTATION_COMMENTS = YES;
				CLANG_WARN_EMPTY_BODY = YES;
				CLANG_WARN_ENUM_CONVERSION = YES;
				CLANG_WARN_INFINITE_RECURSION = YES;
				CLANG_WARN_INT_CONVERSION = YES;
				CLANG_WARN_NON_LITERAL_NULL_CONVERSION = YES;
				CLANG_WARN_OBJC_IMPLICIT_RETAIN_SELF = YES;
				CLANG_WARN_OBJC_LITERAL_CONVERSION = YES;
				CLANG_WARN_OBJC_ROOT_CLASS = YES_ERROR;
				CLANG_WARN_RANGE_LOOP_ANALYSIS = YES;
				CLANG_WARN_STRICT_PROTOTYPES = YES;
				CLANG_WARN_SUSPICIOUS_MOVE = YES;
				CLANG_WARN_UNGUARDED_AVAILABILITY = YES_AGGRESSIVE;
				CLANG_WARN_UNREACHABLE_CODE = YES;
				CLANG_WARN__DUPLICATE_METHOD_MATCH = YES;
				COPY_PHASE_STRIP = NO;
				DEBUG_INFORMATION_FORMAT = "dwarf-with-dsym";
				ENABLE_NS_ASSERTIONS = NO;
				ENABLE_STRICT_OBJC_MSGSEND = YES;
				GCC_C_LANGUAGE_STANDARD = gnu11;
				GCC_NO_COMMON_BLOCKS = YES;
				GCC_WARN_64_TO_32_BIT_CONVERSION = YES;
				GCC_WARN_ABOUT_RETURN_TYPE = YES_ERROR;
				GCC_WARN_UNDECLARED_SELECTOR = YES;
				GCC_WARN_UNINITIALIZED_AUTOS = YES_AGGRESSIVE;
				GCC_WARN_UNUSED_FUNCTION = YES;
				GCC_WARN_UNUSED_VARIABLE = YES;
				IPHONEOS_DEPLOYMENT_TARGET = 13.2;
				MTL_ENABLE_DEBUG_INFO = NO;
				MTL_FAST_MATH = YES;
				SDKROOT = iphoneos;
				SWIFT_COMPILATION_MODE = wholemodule;
				SWIFT_OPTIMIZATION_LEVEL = "-O";
				VALIDATE_PRODUCT = YES;
			};
			name = Release;
		};
		DE8F577B237EFF0500C11D98 /* Debug */ = {
			isa = XCBuildConfiguration;
			buildSettings = {
				ASSETCATALOG_COMPILER_APPICON_NAME = AppIcon;
				CODE_SIGN_ENTITLEMENTS = XcodeUpdates/XcodeUpdates.entitlements;
				CODE_SIGN_STYLE = Automatic;
				DERIVE_MACCATALYST_PRODUCT_BUNDLE_IDENTIFIER = YES;
				DEVELOPMENT_ASSET_PATHS = "\"XcodeUpdates/Preview Content\"";
				DEVELOPMENT_TEAM = J2EB484G7Z;
				ENABLE_PREVIEWS = YES;
				INFOPLIST_FILE = XcodeUpdates/Info.plist;
				IPHONEOS_DEPLOYMENT_TARGET = 13.0;
				LD_RUNPATH_SEARCH_PATHS = (
					"$(inherited)",
					"@executable_path/Frameworks",
				);
				PRODUCT_BUNDLE_IDENTIFIER = fabriciomasiero.XcodeUpdates;
				PRODUCT_NAME = "$(TARGET_NAME)";
				SUPPORTS_MACCATALYST = YES;
				SWIFT_VERSION = 5.0;
				TARGETED_DEVICE_FAMILY = "1,2";
			};
			name = Debug;
		};
		DE8F577C237EFF0500C11D98 /* Release */ = {
			isa = XCBuildConfiguration;
			buildSettings = {
				ASSETCATALOG_COMPILER_APPICON_NAME = AppIcon;
				CODE_SIGN_ENTITLEMENTS = XcodeUpdates/XcodeUpdates.entitlements;
				CODE_SIGN_STYLE = Automatic;
				DERIVE_MACCATALYST_PRODUCT_BUNDLE_IDENTIFIER = YES;
				DEVELOPMENT_ASSET_PATHS = "\"XcodeUpdates/Preview Content\"";
				DEVELOPMENT_TEAM = J2EB484G7Z;
				ENABLE_PREVIEWS = YES;
				INFOPLIST_FILE = XcodeUpdates/Info.plist;
				IPHONEOS_DEPLOYMENT_TARGET = 13.0;
				LD_RUNPATH_SEARCH_PATHS = (
					"$(inherited)",
					"@executable_path/Frameworks",
				);
				PRODUCT_BUNDLE_IDENTIFIER = fabriciomasiero.XcodeUpdates;
				PRODUCT_NAME = "$(TARGET_NAME)";
				SUPPORTS_MACCATALYST = YES;
				SWIFT_VERSION = 5.0;
				TARGETED_DEVICE_FAMILY = "1,2";
			};
			name = Release;
		};
/* End XCBuildConfiguration section */

/* Begin XCConfigurationList section */
		DE8F5761237EFF0200C11D98 /* Build configuration list for PBXProject "XcodeUpdates" */ = {
			isa = XCConfigurationList;
			buildConfigurations = (
				DE8F5778237EFF0500C11D98 /* Debug */,
				DE8F5779237EFF0500C11D98 /* Release */,
			);
			defaultConfigurationIsVisible = 0;
			defaultConfigurationName = Release;
		};
		DE8F577A237EFF0500C11D98 /* Build configuration list for PBXNativeTarget "XcodeUpdates" */ = {
			isa = XCConfigurationList;
			buildConfigurations = (
				DE8F577B237EFF0500C11D98 /* Debug */,
				DE8F577C237EFF0500C11D98 /* Release */,
			);
			defaultConfigurationIsVisible = 0;
			defaultConfigurationName = Release;
		};
/* End XCConfigurationList section */
	};
	rootObject = DE8F575E237EFF0200C11D98 /* Project object */;
}
